
Microsoft Visual Studio Solution File, Format Version 12.00
# Visual Studio Version 17
VisualStudioVersion = 17.14.36109.1
MinimumVisualStudioVersion = 10.0.40219.1
Project("{8BC9CEB8-8B4A-11D0-8D11-00A0C91BC942}") = "Program", "Program.vcxproj", "{A53BCCE9-E332-4327-9246-A8FBBF04D3B1}"
EndProject
Project("{8BC9CEB8-8B4A-11D0-8D11-00A0C91BC942}") = "Class 1th (Time Complexity & Space Complexity)", "..\Class 1th (Time Complexity & Space Complexity)\Class 1th (Time Complexity & Space Complexity).vcxproj", "{ED0F296B-C203-4A01-B718-2BF0550B5C75}"
EndProject
Project("{8BC9CEB8-8B4A-11D0-8D11-00A0C91BC942}") = "Class 2th (Brute Force)", "..\Class 2th (Brute Force)\Class 2th (Brute Force).vcxproj", "{2608129C-61A6-4CD2-B77F-4ED893060463}"
EndProject
Project("{8BC9CEB8-8B4A-11D0-8D11-00A0C91BC942}") = "Class 3th (Bubble Sort)", "..\Class 3th (Bubble Seat)\Class 3th (Bubble Seat).vcxproj", "{3A50C4E5-56B6-4D80-AFB4-A045A73A1A56}"
EndProject
Project("{8BC9CEB8-8B4A-11D0-8D11-00A0C91BC942}") = "Class 4th (Select Sort)", "..\Class 4th (Select Sort)\Class 4th (Select Sort).vcxproj", "{EEDA9D11-601A-4124-ACA4-0EF1D2F0E902}"
EndProject
Project("{8BC9CEB8-8B4A-11D0-8D11-00A0C91BC942}") = "Class 5th (Insert Sort)", "..\Class 5th (Insert Sort)\Class 5th (Insert Sort).vcxproj", "{43598F67-0344-4909-BAC3-785339F26599}"
EndProject
Project("{8BC9CEB8-8B4A-11D0-8D11-00A0C91BC942}") = "Class 6th (Euclidean Algorithm)", "..\Class 6th (Euclidean Algorithm)\Class 6th (Euclidean Algorithm).vcxproj", "{1FC6E153-D94F-4FD8-87F4-937CCDEA66DA}"
EndProject
Global
	GlobalSection(SolutionConfigurationPlatforms) = preSolution
		Debug|x64 = Debug|x64
		Debug|x86 = Debug|x86
		Release|x64 = Release|x64
		Release|x86 = Release|x86
	EndGlobalSection
	GlobalSection(ProjectConfigurationPlatforms) = postSolution
		{A53BCCE9-E332-4327-9246-A8FBBF04D3B1}.Debug|x64.ActiveCfg = Debug|x64
		{A53BCCE9-E332-4327-9246-A8FBBF04D3B1}.Debug|x64.Build.0 = Debug|x64
		{A53BCCE9-E332-4327-9246-A8FBBF04D3B1}.Debug|x86.ActiveCfg = Debug|Win32
		{A53BCCE9-E332-4327-9246-A8FBBF04D3B1}.Debug|x86.Build.0 = Debug|Win32
		{A53BCCE9-E332-4327-9246-A8FBBF04D3B1}.Release|x64.ActiveCfg = Release|x64
		{A53BCCE9-E332-4327-9246-A8FBBF04D3B1}.Release|x64.Build.0 = Release|x64
		{A53BCCE9-E332-4327-9246-A8FBBF04D3B1}.Release|x86.ActiveCfg = Release|Win32
		{A53BCCE9-E332-4327-9246-A8FBBF04D3B1}.Release|x86.Build.0 = Release|Win32
		{ED0F296B-C203-4A01-B718-2BF0550B5C75}.Debug|x64.ActiveCfg = Debug|x64
		{ED0F296B-C203-4A01-B718-2BF0550B5C75}.Debug|x64.Build.0 = Debug|x64
		{ED0F296B-C203-4A01-B718-2BF0550B5C75}.Debug|x86.ActiveCfg = Debug|Win32
		{ED0F296B-C203-4A01-B718-2BF0550B5C75}.Debug|x86.Build.0 = Debug|Win32
		{ED0F296B-C203-4A01-B718-2BF0550B5C75}.Release|x64.ActiveCfg = Release|x64
		{ED0F296B-C203-4A01-B718-2BF0550B5C75}.Release|x64.Build.0 = Release|x64
		{ED0F296B-C203-4A01-B718-2BF0550B5C75}.Release|x86.ActiveCfg = Release|Win32
		{ED0F296B-C203-4A01-B718-2BF0550B5C75}.Release|x86.Build.0 = Release|Win32
		{2608129C-61A6-4CD2-B77F-4ED893060463}.Debug|x64.ActiveCfg = Debug|x64
		{2608129C-61A6-4CD2-B77F-4ED893060463}.Debug|x64.Build.0 = Debug|x64
		{2608129C-61A6-4CD2-B77F-4ED893060463}.Debug|x86.ActiveCfg = Debug|Win32
		{2608129C-61A6-4CD2-B77F-4ED893060463}.Debug|x86.Build.0 = Debug|Win32
		{2608129C-61A6-4CD2-B77F-4ED893060463}.Release|x64.ActiveCfg = Release|x64
		{2608129C-61A6-4CD2-B77F-4ED893060463}.Release|x64.Build.0 = Release|x64
		{2608129C-61A6-4CD2-B77F-4ED893060463}.Release|x86.ActiveCfg = Release|Win32
		{2608129C-61A6-4CD2-B77F-4ED893060463}.Release|x86.Build.0 = Release|Win32
		{3A50C4E5-56B6-4D80-AFB4-A045A73A1A56}.Debug|x64.ActiveCfg = Debug|x64
		{3A50C4E5-56B6-4D80-AFB4-A045A73A1A56}.Debug|x64.Build.0 = Debug|x64
		{3A50C4E5-56B6-4D80-AFB4-A045A73A1A56}.Debug|x86.ActiveCfg = Debug|Win32
		{3A50C4E5-56B6-4D80-AFB4-A045A73A1A56}.Debug|x86.Build.0 = Debug|Win32
		{3A50C4E5-56B6-4D80-AFB4-A045A73A1A56}.Release|x64.ActiveCfg = Release|x64
		{3A50C4E5-56B6-4D80-AFB4-A045A73A1A56}.Release|x64.Build.0 = Release|x64
		{3A50C4E5-56B6-4D80-AFB4-A045A73A1A56}.Release|x86.ActiveCfg = Release|Win32
		{3A50C4E5-56B6-4D80-AFB4-A045A73A1A56}.Release|x86.Build.0 = Release|Win32
		{EEDA9D11-601A-4124-ACA4-0EF1D2F0E902}.Debug|x64.ActiveCfg = Debug|x64
		{EEDA9D11-601A-4124-ACA4-0EF1D2F0E902}.Debug|x64.Build.0 = Debug|x64
		{EEDA9D11-601A-4124-ACA4-0EF1D2F0E902}.Debug|x86.ActiveCfg = Debug|Win32
		{EEDA9D11-601A-4124-ACA4-0EF1D2F0E902}.Debug|x86.Build.0 = Debug|Win32
		{EEDA9D11-601A-4124-ACA4-0EF1D2F0E902}.Release|x64.ActiveCfg = Release|x64
		{EEDA9D11-601A-4124-ACA4-0EF1D2F0E902}.Release|x64.Build.0 = Release|x64
		{EEDA9D11-601A-4124-ACA4-0EF1D2F0E902}.Release|x86.ActiveCfg = Release|Win32
		{EEDA9D11-601A-4124-ACA4-0EF1D2F0E902}.Release|x86.Build.0 = Release|Win32
		{43598F67-0344-4909-BAC3-785339F26599}.Debug|x64.ActiveCfg = Debug|x64
		{43598F67-0344-4909-BAC3-785339F26599}.Debug|x64.Build.0 = Debug|x64
		{43598F67-0344-4909-BAC3-785339F26599}.Debug|x86.ActiveCfg = Debug|Win32
		{43598F67-0344-4909-BAC3-785339F26599}.Debug|x86.Build.0 = Debug|Win32
		{43598F67-0344-4909-BAC3-785339F26599}.Release|x64.ActiveCfg = Release|x64
		{43598F67-0344-4909-BAC3-785339F26599}.Release|x64.Build.0 = Release|x64
		{43598F67-0344-4909-BAC3-785339F26599}.Release|x86.ActiveCfg = Release|Win32
		{43598F67-0344-4909-BAC3-785339F26599}.Release|x86.Build.0 = Release|Win32
		{1FC6E153-D94F-4FD8-87F4-937CCDEA66DA}.Debug|x64.ActiveCfg = Debug|x64
		{1FC6E153-D94F-4FD8-87F4-937CCDEA66DA}.Debug|x64.Build.0 = Debug|x64
		{1FC6E153-D94F-4FD8-87F4-937CCDEA66DA}.Debug|x86.ActiveCfg = Debug|Win32
		{1FC6E153-D94F-4FD8-87F4-937CCDEA66DA}.Debug|x86.Build.0 = Debug|Win32
		{1FC6E153-D94F-4FD8-87F4-937CCDEA66DA}.Release|x64.ActiveCfg = Release|x64
		{1FC6E153-D94F-4FD8-87F4-937CCDEA66DA}.Release|x64.Build.0 = Release|x64
		{1FC6E153-D94F-4FD8-87F4-937CCDEA66DA}.Release|x86.ActiveCfg = Release|Win32
		{1FC6E153-D94F-4FD8-87F4-937CCDEA66DA}.Release|x86.Build.0 = Release|Win32
	EndGlobalSection
	GlobalSection(SolutionProperties) = preSolution
		HideSolutionNode = FALSE
	EndGlobalSection
	GlobalSection(ExtensibilityGlobals) = postSolution
		SolutionGuid = {7CD0D5E0-072A-49CB-A8C9-EFFCB42977D1}
	EndGlobalSection
EndGlobal
