
Microsoft Visual Studio Solution File, Format Version 12.00
# Visual Studio Version 17
VisualStudioVersion = 17.14.36109.1
MinimumVisualStudioVersion = 10.0.40219.1
Project("{8BC9CEB8-8B4A-11D0-8D11-00A0C91BC942}") = "Program", "Program.vcxproj", "{A53BCCE9-E332-4327-9246-A8FBBF04D3B1}"
EndProject
Project("{8BC9CEB8-8B4A-11D0-8D11-00A0C91BC942}") = "Class 1th (Time Complexity & Space Complexity)", "..\Class 1th (Time Complexity & Space Complexity)\Class 1th (Time Complexity & Space Complexity).vcxproj", "{ED0F296B-C203-4A01-B718-2BF0550B5C75}"
EndProject
Project("{8BC9CEB8-8B4A-11D0-8D11-00A0C91BC942}") = "Class 2th (Brute Force)", "..\Class 2th (Brute Force)\Class 2th (Brute Force).vcxproj", "{2608129C-61A6-4CD2-B77F-4ED893060463}"
EndProject
Project("{8BC9CEB8-8B4A-11D0-8D11-00A0C91BC942}") = "Class 3th (Bubble Sort)", "..\Class 3th (Bubble Seat)\Class 3th (Bubble Seat).vcxproj", "{3A50C4E5-56B6-4D80-AFB4-A045A73A1A56}"
EndProject
Project("{8BC9CEB8-8B4A-11D0-8D11-00A0C91BC942}") = "Class 4th (Select Sort)", "..\Class 4th (Select Sort)\Class 4th (Select Sort).vcxproj", "{EEDA9D11-601A-4124-ACA4-0EF1D2F0E902}"
EndProject
Project("{8BC9CEB8-8B4A-11D0-8D11-00A0C91BC942}") = "Class 5th (Insert Sort)", "..\Class 5th (Insert Sort)\Class 5th (Insert Sort).vcxproj", "{43598F67-0344-4909-BAC3-785339F26599}"
EndProject
Project("{8BC9CEB8-8B4A-11D0-8D11-00A0C91BC942}") = "Class 6th (Euclidean Algorithm)", "..\Class 6th (Euclidean Algorithm)\Class 6th (Euclidean Algorithm).vcxproj", "{1FC6E153-D94F-4FD8-87F4-937CCDEA66DA}"
EndProject
Project("{8BC9CEB8-8B4A-11D0-8D11-00A0C91BC942}") = "Class 7th (Sieve of Eratosthenes)", "..\Class 7th (Sieve of Eratosthenes)\Class 7th (Sieve of Eratosthenes).vcxproj", "{16C9DA3A-0A34-4B37-8947-F334EC41BCA5}"
EndProject
Project("{8BC9CEB8-8B4A-11D0-8D11-00A0C91BC942}") = "Class 8th (Divide and Conquer)", "..\Class 8th (Divide and Conquer)\Class 8th (Divide and Conquer).vcxproj", "{D1DF8D6E-D308-4A06-91FE-70AF04F78952}"
EndProject
Project("{8BC9CEB8-8B4A-11D0-8D11-00A0C91BC942}") = "Class 9th (Binery Search)", "..\Class 9th (Binery Search)\Class 9th (Binery Search).vcxproj", "{55D57C8A-6494-4625-9C4F-E5299521427E}"
EndProject
Project("{8BC9CEB8-8B4A-11D0-8D11-00A0C91BC942}") = "Class 10th (Counting sort)", "..\Class 10th (Counting sort)\Class 10th (Counting sort).vcxproj", "{A4A09A5D-5664-4789-9A67-41694E17DBAB}"
EndProject
Project("{8BC9CEB8-8B4A-11D0-8D11-00A0C91BC942}") = "Class 12th (Merge Sort)", "..\Class 12th (Merge Sort)\Class 12th (Merge Sort).vcxproj", "{B51C171E-ACCE-410A-B68E-585EACC86D9E}"
EndProject
Project("{8BC9CEB8-8B4A-11D0-8D11-00A0C91BC942}") = "Class 13th (Dynamic Programming)", "..\Class 13th (Dynamic Programming)\Class 13th (Dynamic Programming).vcxproj", "{D7480CD6-3396-4287-807F-608A2546D212}"
EndProject
Project("{8BC9CEB8-8B4A-11D0-8D11-00A0C91BC942}") = "Class 14th (Greedy)", "..\Class 14th (Greedy)\Class 14th (Greedy).vcxproj", "{14660128-30C0-417A-AF27-2F4CC4E018D6}"
EndProject
Project("{8BC9CEB8-8B4A-11D0-8D11-00A0C91BC942}") = "Class 15th (Depth First Research)", "..\Class 15th (Depth First Research)\Class 15th (Depth First Research).vcxproj", "{6225D8EF-AAC5-42E9-AC7D-265DBA86106E}"
EndProject
Project("{8BC9CEB8-8B4A-11D0-8D11-00A0C91BC942}") = "Class 16th (Breadth First Search)", "..\Class 16th (Breadth First Search)\Class 16th (Breadth First Search).vcxproj", "{F341A4B8-069A-47D4-A0E6-6C4AF2CE1B90}"
EndProject
Global
	GlobalSection(SolutionConfigurationPlatforms) = preSolution
		Debug|x64 = Debug|x64
		Debug|x86 = Debug|x86
		Release|x64 = Release|x64
		Release|x86 = Release|x86
	EndGlobalSection
	GlobalSection(ProjectConfigurationPlatforms) = postSolution
		{A53BCCE9-E332-4327-9246-A8FBBF04D3B1}.Debug|x64.ActiveCfg = Debug|x64
		{A53BCCE9-E332-4327-9246-A8FBBF04D3B1}.Debug|x64.Build.0 = Debug|x64
		{A53BCCE9-E332-4327-9246-A8FBBF04D3B1}.Debug|x86.ActiveCfg = Debug|Win32
		{A53BCCE9-E332-4327-9246-A8FBBF04D3B1}.Debug|x86.Build.0 = Debug|Win32
		{A53BCCE9-E332-4327-9246-A8FBBF04D3B1}.Release|x64.ActiveCfg = Release|x64
		{A53BCCE9-E332-4327-9246-A8FBBF04D3B1}.Release|x64.Build.0 = Release|x64
		{A53BCCE9-E332-4327-9246-A8FBBF04D3B1}.Release|x86.ActiveCfg = Release|Win32
		{A53BCCE9-E332-4327-9246-A8FBBF04D3B1}.Release|x86.Build.0 = Release|Win32
		{ED0F296B-C203-4A01-B718-2BF0550B5C75}.Debug|x64.ActiveCfg = Debug|x64
		{ED0F296B-C203-4A01-B718-2BF0550B5C75}.Debug|x64.Build.0 = Debug|x64
		{ED0F296B-C203-4A01-B718-2BF0550B5C75}.Debug|x86.ActiveCfg = Debug|Win32
		{ED0F296B-C203-4A01-B718-2BF0550B5C75}.Debug|x86.Build.0 = Debug|Win32
		{ED0F296B-C203-4A01-B718-2BF0550B5C75}.Release|x64.ActiveCfg = Release|x64
		{ED0F296B-C203-4A01-B718-2BF0550B5C75}.Release|x64.Build.0 = Release|x64
		{ED0F296B-C203-4A01-B718-2BF0550B5C75}.Release|x86.ActiveCfg = Release|Win32
		{ED0F296B-C203-4A01-B718-2BF0550B5C75}.Release|x86.Build.0 = Release|Win32
		{2608129C-61A6-4CD2-B77F-4ED893060463}.Debug|x64.ActiveCfg = Debug|x64
		{2608129C-61A6-4CD2-B77F-4ED893060463}.Debug|x64.Build.0 = Debug|x64
		{2608129C-61A6-4CD2-B77F-4ED893060463}.Debug|x86.ActiveCfg = Debug|Win32
		{2608129C-61A6-4CD2-B77F-4ED893060463}.Debug|x86.Build.0 = Debug|Win32
		{2608129C-61A6-4CD2-B77F-4ED893060463}.Release|x64.ActiveCfg = Release|x64
		{2608129C-61A6-4CD2-B77F-4ED893060463}.Release|x64.Build.0 = Release|x64
		{2608129C-61A6-4CD2-B77F-4ED893060463}.Release|x86.ActiveCfg = Release|Win32
		{2608129C-61A6-4CD2-B77F-4ED893060463}.Release|x86.Build.0 = Release|Win32
		{3A50C4E5-56B6-4D80-AFB4-A045A73A1A56}.Debug|x64.ActiveCfg = Debug|x64
		{3A50C4E5-56B6-4D80-AFB4-A045A73A1A56}.Debug|x64.Build.0 = Debug|x64
		{3A50C4E5-56B6-4D80-AFB4-A045A73A1A56}.Debug|x86.ActiveCfg = Debug|Win32
		{3A50C4E5-56B6-4D80-AFB4-A045A73A1A56}.Debug|x86.Build.0 = Debug|Win32
		{3A50C4E5-56B6-4D80-AFB4-A045A73A1A56}.Release|x64.ActiveCfg = Release|x64
		{3A50C4E5-56B6-4D80-AFB4-A045A73A1A56}.Release|x64.Build.0 = Release|x64
		{3A50C4E5-56B6-4D80-AFB4-A045A73A1A56}.Release|x86.ActiveCfg = Release|Win32
		{3A50C4E5-56B6-4D80-AFB4-A045A73A1A56}.Release|x86.Build.0 = Release|Win32
		{EEDA9D11-601A-4124-ACA4-0EF1D2F0E902}.Debug|x64.ActiveCfg = Debug|x64
		{EEDA9D11-601A-4124-ACA4-0EF1D2F0E902}.Debug|x64.Build.0 = Debug|x64
		{EEDA9D11-601A-4124-ACA4-0EF1D2F0E902}.Debug|x86.ActiveCfg = Debug|Win32
		{EEDA9D11-601A-4124-ACA4-0EF1D2F0E902}.Debug|x86.Build.0 = Debug|Win32
		{EEDA9D11-601A-4124-ACA4-0EF1D2F0E902}.Release|x64.ActiveCfg = Release|x64
		{EEDA9D11-601A-4124-ACA4-0EF1D2F0E902}.Release|x64.Build.0 = Release|x64
		{EEDA9D11-601A-4124-ACA4-0EF1D2F0E902}.Release|x86.ActiveCfg = Release|Win32
		{EEDA9D11-601A-4124-ACA4-0EF1D2F0E902}.Release|x86.Build.0 = Release|Win32
		{43598F67-0344-4909-BAC3-785339F26599}.Debug|x64.ActiveCfg = Debug|x64
		{43598F67-0344-4909-BAC3-785339F26599}.Debug|x64.Build.0 = Debug|x64
		{43598F67-0344-4909-BAC3-785339F26599}.Debug|x86.ActiveCfg = Debug|Win32
		{43598F67-0344-4909-BAC3-785339F26599}.Debug|x86.Build.0 = Debug|Win32
		{43598F67-0344-4909-BAC3-785339F26599}.Release|x64.ActiveCfg = Release|x64
		{43598F67-0344-4909-BAC3-785339F26599}.Release|x64.Build.0 = Release|x64
		{43598F67-0344-4909-BAC3-785339F26599}.Release|x86.ActiveCfg = Release|Win32
		{43598F67-0344-4909-BAC3-785339F26599}.Release|x86.Build.0 = Release|Win32
		{1FC6E153-D94F-4FD8-87F4-937CCDEA66DA}.Debug|x64.ActiveCfg = Debug|x64
		{1FC6E153-D94F-4FD8-87F4-937CCDEA66DA}.Debug|x64.Build.0 = Debug|x64
		{1FC6E153-D94F-4FD8-87F4-937CCDEA66DA}.Debug|x86.ActiveCfg = Debug|Win32
		{1FC6E153-D94F-4FD8-87F4-937CCDEA66DA}.Debug|x86.Build.0 = Debug|Win32
		{1FC6E153-D94F-4FD8-87F4-937CCDEA66DA}.Release|x64.ActiveCfg = Release|x64
		{1FC6E153-D94F-4FD8-87F4-937CCDEA66DA}.Release|x64.Build.0 = Release|x64
		{1FC6E153-D94F-4FD8-87F4-937CCDEA66DA}.Release|x86.ActiveCfg = Release|Win32
		{1FC6E153-D94F-4FD8-87F4-937CCDEA66DA}.Release|x86.Build.0 = Release|Win32
		{16C9DA3A-0A34-4B37-8947-F334EC41BCA5}.Debug|x64.ActiveCfg = Debug|x64
		{16C9DA3A-0A34-4B37-8947-F334EC41BCA5}.Debug|x64.Build.0 = Debug|x64
		{16C9DA3A-0A34-4B37-8947-F334EC41BCA5}.Debug|x86.ActiveCfg = Debug|Win32
		{16C9DA3A-0A34-4B37-8947-F334EC41BCA5}.Debug|x86.Build.0 = Debug|Win32
		{16C9DA3A-0A34-4B37-8947-F334EC41BCA5}.Release|x64.ActiveCfg = Release|x64
		{16C9DA3A-0A34-4B37-8947-F334EC41BCA5}.Release|x64.Build.0 = Release|x64
		{16C9DA3A-0A34-4B37-8947-F334EC41BCA5}.Release|x86.ActiveCfg = Release|Win32
		{16C9DA3A-0A34-4B37-8947-F334EC41BCA5}.Release|x86.Build.0 = Release|Win32
		{D1DF8D6E-D308-4A06-91FE-70AF04F78952}.Debug|x64.ActiveCfg = Debug|x64
		{D1DF8D6E-D308-4A06-91FE-70AF04F78952}.Debug|x64.Build.0 = Debug|x64
		{D1DF8D6E-D308-4A06-91FE-70AF04F78952}.Debug|x86.ActiveCfg = Debug|Win32
		{D1DF8D6E-D308-4A06-91FE-70AF04F78952}.Debug|x86.Build.0 = Debug|Win32
		{D1DF8D6E-D308-4A06-91FE-70AF04F78952}.Release|x64.ActiveCfg = Release|x64
		{D1DF8D6E-D308-4A06-91FE-70AF04F78952}.Release|x64.Build.0 = Release|x64
		{D1DF8D6E-D308-4A06-91FE-70AF04F78952}.Release|x86.ActiveCfg = Release|Win32
		{D1DF8D6E-D308-4A06-91FE-70AF04F78952}.Release|x86.Build.0 = Release|Win32
		{55D57C8A-6494-4625-9C4F-E5299521427E}.Debug|x64.ActiveCfg = Debug|x64
		{55D57C8A-6494-4625-9C4F-E5299521427E}.Debug|x64.Build.0 = Debug|x64
		{55D57C8A-6494-4625-9C4F-E5299521427E}.Debug|x86.ActiveCfg = Debug|Win32
		{55D57C8A-6494-4625-9C4F-E5299521427E}.Debug|x86.Build.0 = Debug|Win32
		{55D57C8A-6494-4625-9C4F-E5299521427E}.Release|x64.ActiveCfg = Release|x64
		{55D57C8A-6494-4625-9C4F-E5299521427E}.Release|x64.Build.0 = Release|x64
		{55D57C8A-6494-4625-9C4F-E5299521427E}.Release|x86.ActiveCfg = Release|Win32
		{55D57C8A-6494-4625-9C4F-E5299521427E}.Release|x86.Build.0 = Release|Win32
		{A4A09A5D-5664-4789-9A67-41694E17DBAB}.Debug|x64.ActiveCfg = Debug|x64
		{A4A09A5D-5664-4789-9A67-41694E17DBAB}.Debug|x64.Build.0 = Debug|x64
		{A4A09A5D-5664-4789-9A67-41694E17DBAB}.Debug|x86.ActiveCfg = Debug|Win32
		{A4A09A5D-5664-4789-9A67-41694E17DBAB}.Debug|x86.Build.0 = Debug|Win32
		{A4A09A5D-5664-4789-9A67-41694E17DBAB}.Release|x64.ActiveCfg = Release|x64
		{A4A09A5D-5664-4789-9A67-41694E17DBAB}.Release|x64.Build.0 = Release|x64
		{A4A09A5D-5664-4789-9A67-41694E17DBAB}.Release|x86.ActiveCfg = Release|Win32
		{A4A09A5D-5664-4789-9A67-41694E17DBAB}.Release|x86.Build.0 = Release|Win32
		{B51C171E-ACCE-410A-B68E-585EACC86D9E}.Debug|x64.ActiveCfg = Debug|x64
		{B51C171E-ACCE-410A-B68E-585EACC86D9E}.Debug|x64.Build.0 = Debug|x64
		{B51C171E-ACCE-410A-B68E-585EACC86D9E}.Debug|x86.ActiveCfg = Debug|Win32
		{B51C171E-ACCE-410A-B68E-585EACC86D9E}.Debug|x86.Build.0 = Debug|Win32
		{B51C171E-ACCE-410A-B68E-585EACC86D9E}.Release|x64.ActiveCfg = Release|x64
		{B51C171E-ACCE-410A-B68E-585EACC86D9E}.Release|x64.Build.0 = Release|x64
		{B51C171E-ACCE-410A-B68E-585EACC86D9E}.Release|x86.ActiveCfg = Release|Win32
		{B51C171E-ACCE-410A-B68E-585EACC86D9E}.Release|x86.Build.0 = Release|Win32
		{D7480CD6-3396-4287-807F-608A2546D212}.Debug|x64.ActiveCfg = Debug|x64
		{D7480CD6-3396-4287-807F-608A2546D212}.Debug|x64.Build.0 = Debug|x64
		{D7480CD6-3396-4287-807F-608A2546D212}.Debug|x86.ActiveCfg = Debug|Win32
		{D7480CD6-3396-4287-807F-608A2546D212}.Debug|x86.Build.0 = Debug|Win32
		{D7480CD6-3396-4287-807F-608A2546D212}.Release|x64.ActiveCfg = Release|x64
		{D7480CD6-3396-4287-807F-608A2546D212}.Release|x64.Build.0 = Release|x64
		{D7480CD6-3396-4287-807F-608A2546D212}.Release|x86.ActiveCfg = Release|Win32
		{D7480CD6-3396-4287-807F-608A2546D212}.Release|x86.Build.0 = Release|Win32
		{14660128-30C0-417A-AF27-2F4CC4E018D6}.Debug|x64.ActiveCfg = Debug|x64
		{14660128-30C0-417A-AF27-2F4CC4E018D6}.Debug|x64.Build.0 = Debug|x64
		{14660128-30C0-417A-AF27-2F4CC4E018D6}.Debug|x86.ActiveCfg = Debug|Win32
		{14660128-30C0-417A-AF27-2F4CC4E018D6}.Debug|x86.Build.0 = Debug|Win32
		{14660128-30C0-417A-AF27-2F4CC4E018D6}.Release|x64.ActiveCfg = Release|x64
		{14660128-30C0-417A-AF27-2F4CC4E018D6}.Release|x64.Build.0 = Release|x64
		{14660128-30C0-417A-AF27-2F4CC4E018D6}.Release|x86.ActiveCfg = Release|Win32
		{14660128-30C0-417A-AF27-2F4CC4E018D6}.Release|x86.Build.0 = Release|Win32
		{6225D8EF-AAC5-42E9-AC7D-265DBA86106E}.Debug|x64.ActiveCfg = Debug|x64
		{6225D8EF-AAC5-42E9-AC7D-265DBA86106E}.Debug|x64.Build.0 = Debug|x64
		{6225D8EF-AAC5-42E9-AC7D-265DBA86106E}.Debug|x86.ActiveCfg = Debug|Win32
		{6225D8EF-AAC5-42E9-AC7D-265DBA86106E}.Debug|x86.Build.0 = Debug|Win32
		{6225D8EF-AAC5-42E9-AC7D-265DBA86106E}.Release|x64.ActiveCfg = Release|x64
		{6225D8EF-AAC5-42E9-AC7D-265DBA86106E}.Release|x64.Build.0 = Release|x64
		{6225D8EF-AAC5-42E9-AC7D-265DBA86106E}.Release|x86.ActiveCfg = Release|Win32
		{6225D8EF-AAC5-42E9-AC7D-265DBA86106E}.Release|x86.Build.0 = Release|Win32
		{F341A4B8-069A-47D4-A0E6-6C4AF2CE1B90}.Debug|x64.ActiveCfg = Debug|x64
		{F341A4B8-069A-47D4-A0E6-6C4AF2CE1B90}.Debug|x64.Build.0 = Debug|x64
		{F341A4B8-069A-47D4-A0E6-6C4AF2CE1B90}.Debug|x86.ActiveCfg = Debug|Win32
		{F341A4B8-069A-47D4-A0E6-6C4AF2CE1B90}.Debug|x86.Build.0 = Debug|Win32
		{F341A4B8-069A-47D4-A0E6-6C4AF2CE1B90}.Release|x64.ActiveCfg = Release|x64
		{F341A4B8-069A-47D4-A0E6-6C4AF2CE1B90}.Release|x64.Build.0 = Release|x64
		{F341A4B8-069A-47D4-A0E6-6C4AF2CE1B90}.Release|x86.ActiveCfg = Release|Win32
		{F341A4B8-069A-47D4-A0E6-6C4AF2CE1B90}.Release|x86.Build.0 = Release|Win32
	EndGlobalSection
	GlobalSection(SolutionProperties) = preSolution
		HideSolutionNode = FALSE
	EndGlobalSection
	GlobalSection(ExtensibilityGlobals) = postSolution
		SolutionGuid = {7CD0D5E0-072A-49CB-A8C9-EFFCB42977D1}
	EndGlobalSection
EndGlobal
